
Microsoft Visual Studio Solution File, Format Version 12.00
# Visual Studio 15
VisualStudioVersion = 15.0.28307.1267
MinimumVisualStudioVersion = 10.0.40219.1
Project("{FAE04EC0-301F-11D3-BF4B-00C04F79EFBC}") = "DaoParser", "DaoParser.csproj", "{788E66F4-056E-4885-9AE1-853B496B5945}"
EndProject
Project("{2150E333-8FDC-42A3-9474-1A3956D46DE8}") = "Solution Items", "Solution Items", "{3FF11A8E-9661-4748-B8BF-CEE40B54A3AD}"
	ProjectSection(SolutionItems) = preProject
		README.md = README.md
	EndProjectSection
EndProject
Global
	GlobalSection(SolutionConfigurationPlatforms) = preSolution
		Debug|x86 = Debug|x86
		Release|x86 = Release|x86
	EndGlobalSection
	GlobalSection(ProjectConfigurationPlatforms) = postSolution
		{788E66F4-056E-4885-9AE1-853B496B5945}.Debug|x86.ActiveCfg = Debug|x86
		{788E66F4-056E-4885-9AE1-853B496B5945}.Debug|x86.Build.0 = Debug|x86
		{788E66F4-056E-4885-9AE1-853B496B5945}.Release|x86.ActiveCfg = Release|x86
		{788E66F4-056E-4885-9AE1-853B496B5945}.Release|x86.Build.0 = Release|x86
	EndGlobalSection
	GlobalSection(SolutionProperties) = preSolution
		HideSolutionNode = FALSE
	EndGlobalSection
	GlobalSection(ExtensibilityGlobals) = postSolution
		SolutionGuid = {0919FC1D-FAAE-49A2-9D78-7CBFFC55182C}
	EndGlobalSection
EndGlobal
